// !$*UTF8*$!
{
	archiveVersion = 1;
	classes = {
	};
	objectVersion = 55;
	objects = {

/* Begin PBXBuildFile section */
		F72818702739B0F400964496 /* Trivia_CrackApp.swift in Sources */ = {isa = PBXBuildFile; fileRef = F728186F2739B0F400964496 /* Trivia_CrackApp.swift */; };
		F72818722739B0F400964496 /* ContentView.swift in Sources */ = {isa = PBXBuildFile; fileRef = F72818712739B0F400964496 /* ContentView.swift */; };
		F72818742739B0F500964496 /* Assets.xcassets in Resources */ = {isa = PBXBuildFile; fileRef = F72818732739B0F500964496 /* Assets.xcassets */; };
		F72818772739B0F500964496 /* Preview Assets.xcassets in Resources */ = {isa = PBXBuildFile; fileRef = F72818762739B0F500964496 /* Preview Assets.xcassets */; };
		F728187E2739B11300964496 /* TriviaManager.swift in Sources */ = {isa = PBXBuildFile; fileRef = F728187D2739B11300964496 /* TriviaManager.swift */; };
		F728188F2739BAD500964496 /* Trivia.swift in Sources */ = {isa = PBXBuildFile; fileRef = F728188E2739BAD500964496 /* Trivia.swift */; };
		F7A9BD462740232600A13CD0 /* TriviaView.swift in Sources */ = {isa = PBXBuildFile; fileRef = F7A9BD452740232600A13CD0 /* TriviaView.swift */; };
		F7A9BD4827408C3700A13CD0 /* CategoryHeader.swift in Sources */ = {isa = PBXBuildFile; fileRef = F7A9BD4727408C3700A13CD0 /* CategoryHeader.swift */; };
		F7A9BD4A27408D7700A13CD0 /* AnswerChoice.swift in Sources */ = {isa = PBXBuildFile; fileRef = F7A9BD4927408D7700A13CD0 /* AnswerChoice.swift */; };
		F7DB0BCA273C524300708A66 /* Result.swift in Sources */ = {isa = PBXBuildFile; fileRef = F7DB0BC9273C524300708A66 /* Result.swift */; };
		F7DB0BCC273C59C700708A66 /* Options.swift in Sources */ = {isa = PBXBuildFile; fileRef = F7DB0BCB273C59C700708A66 /* Options.swift */; };
/* End PBXBuildFile section */

/* Begin PBXContainerItemProxy section */
		F72818872739B2FA00964496 /* PBXContainerItemProxy */ = {
			isa = PBXContainerItemProxy;
			containerPortal = F72818642739B0F400964496 /* Project object */;
			proxyType = 1;
			remoteGlobalIDString = F728186B2739B0F400964496;
			remoteInfo = "Trivia Crack";
		};
/* End PBXContainerItemProxy section */

/* Begin PBXCopyFilesBuildPhase section */
		F71A7D64275FF84E00A0970D /* Embed App Extensions */ = {
			isa = PBXCopyFilesBuildPhase;
			buildActionMask = 2147483647;
			dstPath = "";
			dstSubfolderSpec = 13;
			files = (
			);
			name = "Embed App Extensions";
			runOnlyForDeploymentPostprocessing = 0;
		};
/* End PBXCopyFilesBuildPhase section */

/* Begin PBXFileReference section */
		F71A7D56275FF84D00A0970D /* SwiftUI.framework */ = {isa = PBXFileReference; lastKnownFileType = wrapper.framework; name = SwiftUI.framework; path = System/Library/Frameworks/SwiftUI.framework; sourceTree = SDKROOT; };
		F728186C2739B0F400964496 /* Trivia Crack.app */ = {isa = PBXFileReference; explicitFileType = wrapper.application; includeInIndex = 0; path = "Trivia Crack.app"; sourceTree = BUILT_PRODUCTS_DIR; };
		F728186F2739B0F400964496 /* Trivia_CrackApp.swift */ = {isa = PBXFileReference; lastKnownFileType = sourcecode.swift; path = Trivia_CrackApp.swift; sourceTree = "<group>"; };
		F72818712739B0F400964496 /* ContentView.swift */ = {isa = PBXFileReference; lastKnownFileType = sourcecode.swift; path = ContentView.swift; sourceTree = "<group>"; };
		F72818732739B0F500964496 /* Assets.xcassets */ = {isa = PBXFileReference; lastKnownFileType = folder.assetcatalog; path = Assets.xcassets; sourceTree = "<group>"; };
		F72818762739B0F500964496 /* Preview Assets.xcassets */ = {isa = PBXFileReference; lastKnownFileType = folder.assetcatalog; path = "Preview Assets.xcassets"; sourceTree = "<group>"; };
		F728187D2739B11300964496 /* TriviaManager.swift */ = {isa = PBXFileReference; lastKnownFileType = sourcecode.swift; path = TriviaManager.swift; sourceTree = "<group>"; };
		F72818832739B2FA00964496 /* Trivia Crack Tests.xctest */ = {isa = PBXFileReference; explicitFileType = wrapper.cfbundle; includeInIndex = 0; path = "Trivia Crack Tests.xctest"; sourceTree = BUILT_PRODUCTS_DIR; };
		F728188E2739BAD500964496 /* Trivia.swift */ = {isa = PBXFileReference; lastKnownFileType = sourcecode.swift; path = Trivia.swift; sourceTree = "<group>"; };
		F7A9BD452740232600A13CD0 /* TriviaView.swift */ = {isa = PBXFileReference; lastKnownFileType = sourcecode.swift; path = TriviaView.swift; sourceTree = "<group>"; };
		F7A9BD4727408C3700A13CD0 /* CategoryHeader.swift */ = {isa = PBXFileReference; lastKnownFileType = sourcecode.swift; path = CategoryHeader.swift; sourceTree = "<group>"; };
		F7A9BD4927408D7700A13CD0 /* AnswerChoice.swift */ = {isa = PBXFileReference; lastKnownFileType = sourcecode.swift; path = AnswerChoice.swift; sourceTree = "<group>"; };
		F7DB0BC9273C524300708A66 /* Result.swift */ = {isa = PBXFileReference; lastKnownFileType = sourcecode.swift; path = Result.swift; sourceTree = "<group>"; };
		F7DB0BCB273C59C700708A66 /* Options.swift */ = {isa = PBXFileReference; lastKnownFileType = sourcecode.swift; path = Options.swift; sourceTree = "<group>"; };
/* End PBXFileReference section */

/* Begin PBXFrameworksBuildPhase section */
		F72818692739B0F400964496 /* Frameworks */ = {
			isa = PBXFrameworksBuildPhase;
			buildActionMask = 2147483647;
			files = (
			);
			runOnlyForDeploymentPostprocessing = 0;
		};
		F72818802739B2FA00964496 /* Frameworks */ = {
			isa = PBXFrameworksBuildPhase;
			buildActionMask = 2147483647;
			files = (
			);
			runOnlyForDeploymentPostprocessing = 0;
		};
/* End PBXFrameworksBuildPhase section */

/* Begin PBXGroup section */
		F71A7D53275FF84D00A0970D /* Frameworks */ = {
			isa = PBXGroup;
			children = (
				F71A7D56275FF84D00A0970D /* SwiftUI.framework */,
			);
			name = Frameworks;
			sourceTree = "<group>";
		};
		F72818632739B0F400964496 = {
			isa = PBXGroup;
			children = (
				F728186E2739B0F400964496 /* Trivia Crack */,
				F71A7D53275FF84D00A0970D /* Frameworks */,
				F728186D2739B0F400964496 /* Products */,
			);
			sourceTree = "<group>";
		};
		F728186D2739B0F400964496 /* Products */ = {
			isa = PBXGroup;
			children = (
				F728186C2739B0F400964496 /* Trivia Crack.app */,
				F72818832739B2FA00964496 /* Trivia Crack Tests.xctest */,
			);
			name = Products;
			sourceTree = "<group>";
		};
		F728186E2739B0F400964496 /* Trivia Crack */ = {
			isa = PBXGroup;
			children = (
				F728186F2739B0F400964496 /* Trivia_CrackApp.swift */,
				F72818712739B0F400964496 /* ContentView.swift */,
				F7A9BD422740229200A13CD0 /* Model */,
				F7A9BD432740229C00A13CD0 /* View */,
				F7A9BD44274022A300A13CD0 /* ViewModel */,
				F72818732739B0F500964496 /* Assets.xcassets */,
				F72818752739B0F500964496 /* Preview Content */,
			);
			path = "Trivia Crack";
			sourceTree = "<group>";
		};
		F72818752739B0F500964496 /* Preview Content */ = {
			isa = PBXGroup;
			children = (
				F72818762739B0F500964496 /* Preview Assets.xcassets */,
			);
			path = "Preview Content";
			sourceTree = "<group>";
		};
		F7A9BD422740229200A13CD0 /* Model */ = {
			isa = PBXGroup;
			children = (
				F728188E2739BAD500964496 /* Trivia.swift */,
				F7DB0BC9273C524300708A66 /* Result.swift */,
				F7DB0BCB273C59C700708A66 /* Options.swift */,
			);
			path = Model;
			sourceTree = "<group>";
		};
		F7A9BD432740229C00A13CD0 /* View */ = {
			isa = PBXGroup;
			children = (
				F7A9BD452740232600A13CD0 /* TriviaView.swift */,
				F7A9BD4727408C3700A13CD0 /* CategoryHeader.swift */,
				F7A9BD4927408D7700A13CD0 /* AnswerChoice.swift */,
			);
			path = View;
			sourceTree = "<group>";
		};
		F7A9BD44274022A300A13CD0 /* ViewModel */ = {
			isa = PBXGroup;
			children = (
				F728187D2739B11300964496 /* TriviaManager.swift */,
			);
			path = ViewModel;
			sourceTree = "<group>";
		};
/* End PBXGroup section */

/* Begin PBXNativeTarget section */
		F728186B2739B0F400964496 /* Trivia Crack */ = {
			isa = PBXNativeTarget;
			buildConfigurationList = F728187A2739B0F500964496 /* Build configuration list for PBXNativeTarget "Trivia Crack" */;
			buildPhases = (
				F72818682739B0F400964496 /* Sources */,
				F72818692739B0F400964496 /* Frameworks */,
				F728186A2739B0F400964496 /* Resources */,
				F71A7D64275FF84E00A0970D /* Embed App Extensions */,
			);
			buildRules = (
			);
			dependencies = (
			);
			name = "Trivia Crack";
			productName = "Trivia Crack";
			productReference = F728186C2739B0F400964496 /* Trivia Crack.app */;
			productType = "com.apple.product-type.application";
		};
		F72818822739B2FA00964496 /* Trivia Crack Tests */ = {
			isa = PBXNativeTarget;
			buildConfigurationList = F72818892739B2FA00964496 /* Build configuration list for PBXNativeTarget "Trivia Crack Tests" */;
			buildPhases = (
				F728187F2739B2FA00964496 /* Sources */,
				F72818802739B2FA00964496 /* Frameworks */,
				F72818812739B2FA00964496 /* Resources */,
			);
			buildRules = (
			);
			dependencies = (
				F72818882739B2FA00964496 /* PBXTargetDependency */,
			);
			name = "Trivia Crack Tests";
			productName = "Trivia Crack Tests";
			productReference = F72818832739B2FA00964496 /* Trivia Crack Tests.xctest */;
			productType = "com.apple.product-type.bundle.unit-test";
		};
/* End PBXNativeTarget section */

/* Begin PBXProject section */
		F72818642739B0F400964496 /* Project object */ = {
			isa = PBXProject;
			attributes = {
				BuildIndependentTargetsInParallel = 1;
				LastSwiftUpdateCheck = 1300;
				LastUpgradeCheck = 1300;
				TargetAttributes = {
					F728186B2739B0F400964496 = {
						CreatedOnToolsVersion = 13.0;
					};
					F72818822739B2FA00964496 = {
						CreatedOnToolsVersion = 13.0;
						TestTargetID = F728186B2739B0F400964496;
					};
				};
			};
			buildConfigurationList = F72818672739B0F400964496 /* Build configuration list for PBXProject "Trivia Crack" */;
			compatibilityVersion = "Xcode 13.0";
			developmentRegion = en;
			hasScannedForEncodings = 0;
			knownRegions = (
				en,
				Base,
			);
			mainGroup = F72818632739B0F400964496;
			productRefGroup = F728186D2739B0F400964496 /* Products */;
			projectDirPath = "";
			projectRoot = "";
			targets = (
				F728186B2739B0F400964496 /* Trivia Crack */,
				F72818822739B2FA00964496 /* Trivia Crack Tests */,
			);
		};
/* End PBXProject section */

/* Begin PBXResourcesBuildPhase section */
		F728186A2739B0F400964496 /* Resources */ = {
			isa = PBXResourcesBuildPhase;
			buildActionMask = 2147483647;
			files = (
				F72818772739B0F500964496 /* Preview Assets.xcassets in Resources */,
				F72818742739B0F500964496 /* Assets.xcassets in Resources */,
			);
			runOnlyForDeploymentPostprocessing = 0;
		};
		F72818812739B2FA00964496 /* Resources */ = {
			isa = PBXResourcesBuildPhase;
			buildActionMask = 2147483647;
			files = (
			);
			runOnlyForDeploymentPostprocessing = 0;
		};
/* End PBXResourcesBuildPhase section */

/* Begin PBXSourcesBuildPhase section */
		F72818682739B0F400964496 /* Sources */ = {
			isa = PBXSourcesBuildPhase;
			buildActionMask = 2147483647;
			files = (
				F72818722739B0F400964496 /* ContentView.swift in Sources */,
				F72818702739B0F400964496 /* Trivia_CrackApp.swift in Sources */,
				F728188F2739BAD500964496 /* Trivia.swift in Sources */,
				F7A9BD462740232600A13CD0 /* TriviaView.swift in Sources */,
				F7DB0BCA273C524300708A66 /* Result.swift in Sources */,
				F728187E2739B11300964496 /* TriviaManager.swift in Sources */,
				F7A9BD4827408C3700A13CD0 /* CategoryHeader.swift in Sources */,
				F7DB0BCC273C59C700708A66 /* Options.swift in Sources */,
				F7A9BD4A27408D7700A13CD0 /* AnswerChoice.swift in Sources */,
			);
			runOnlyForDeploymentPostprocessing = 0;
		};
		F728187F2739B2FA00964496 /* Sources */ = {
			isa = PBXSourcesBuildPhase;
			buildActionMask = 2147483647;
			files = (
			);
			runOnlyForDeploymentPostprocessing = 0;
		};
/* End PBXSourcesBuildPhase section */

/* Begin PBXTargetDependency section */
		F72818882739B2FA00964496 /* PBXTargetDependency */ = {
			isa = PBXTargetDependency;
			target = F728186B2739B0F400964496 /* Trivia Crack */;
			targetProxy = F72818872739B2FA00964496 /* PBXContainerItemProxy */;
		};
/* End PBXTargetDependency section */

/* Begin XCBuildConfiguration section */
		F72818782739B0F500964496 /* Debug */ = {
			isa = XCBuildConfiguration;
			buildSettings = {
				ALWAYS_SEARCH_USER_PATHS = NO;
				CLANG_ANALYZER_NONNULL = YES;
				CLANG_ANALYZER_NUMBER_OBJECT_CONVERSION = YES_AGGRESSIVE;
				CLANG_CXX_LANGUAGE_STANDARD = "gnu++17";
				CLANG_CXX_LIBRARY = "libc++";
				CLANG_ENABLE_MODULES = YES;
				CLANG_ENABLE_OBJC_ARC = YES;
				CLANG_ENABLE_OBJC_WEAK = YES;
				CLANG_WARN_BLOCK_CAPTURE_AUTORELEASING = YES;
				CLANG_WARN_BOOL_CONVERSION = YES;
				CLANG_WARN_COMMA = YES;
				CLANG_WARN_CONSTANT_CONVERSION = YES;
				CLANG_WARN_DEPRECATED_OBJC_IMPLEMENTATIONS = YES;
				CLANG_WARN_DIRECT_OBJC_ISA_USAGE = YES_ERROR;
				CLANG_WARN_DOCUMENTATION_COMMENTS = YES;
				CLANG_WARN_EMPTY_BODY = YES;
				CLANG_WARN_ENUM_CONVERSION = YES;
				CLANG_WARN_INFINITE_RECURSION = YES;
				CLANG_WARN_INT_CONVERSION = YES;
				CLANG_WARN_NON_LITERAL_NULL_CONVERSION = YES;
				CLANG_WARN_OBJC_IMPLICIT_RETAIN_SELF = YES;
				CLANG_WARN_OBJC_LITERAL_CONVERSION = YES;
				CLANG_WARN_OBJC_ROOT_CLASS = YES_ERROR;
				CLANG_WARN_QUOTED_INCLUDE_IN_FRAMEWORK_HEADER = YES;
				CLANG_WARN_RANGE_LOOP_ANALYSIS = YES;
				CLANG_WARN_STRICT_PROTOTYPES = YES;
				CLANG_WARN_SUSPICIOUS_MOVE = YES;
				CLANG_WARN_UNGUARDED_AVAILABILITY = YES_AGGRESSIVE;
				CLANG_WARN_UNREACHABLE_CODE = YES;
				CLANG_WARN__DUPLICATE_METHOD_MATCH = YES;
				COPY_PHASE_STRIP = NO;
				DEBUG_INFORMATION_FORMAT = dwarf;
				ENABLE_STRICT_OBJC_MSGSEND = YES;
				ENABLE_TESTABILITY = YES;
				GCC_C_LANGUAGE_STANDARD = gnu11;
				GCC_DYNAMIC_NO_PIC = NO;
				GCC_NO_COMMON_BLOCKS = YES;
				GCC_OPTIMIZATION_LEVEL = 0;
				GCC_PREPROCESSOR_DEFINITIONS = (
					"DEBUG=1",
					"$(inherited)",
				);
				GCC_WARN_64_TO_32_BIT_CONVERSION = YES;
				GCC_WARN_ABOUT_RETURN_TYPE = YES_ERROR;
				GCC_WARN_UNDECLARED_SELECTOR = YES;
				GCC_WARN_UNINITIALIZED_AUTOS = YES_AGGRESSIVE;
				GCC_WARN_UNUSED_FUNCTION = YES;
				GCC_WARN_UNUSED_VARIABLE = YES;
				IPHONEOS_DEPLOYMENT_TARGET = 15.0;
				MTL_ENABLE_DEBUG_INFO = INCLUDE_SOURCE;
				MTL_FAST_MATH = YES;
				ONLY_ACTIVE_ARCH = YES;
				SDKROOT = iphoneos;
				SWIFT_ACTIVE_COMPILATION_CONDITIONS = DEBUG;
				SWIFT_OPTIMIZATION_LEVEL = "-Onone";
			};
			name = Debug;
		};
		F72818792739B0F500964496 /* Release */ = {
			isa = XCBuildConfiguration;
			buildSettings = {
				ALWAYS_SEARCH_USER_PATHS = NO;
				CLANG_ANALYZER_NONNULL = YES;
				CLANG_ANALYZER_NUMBER_OBJECT_CONVERSION = YES_AGGRESSIVE;
				CLANG_CXX_LANGUAGE_STANDARD = "gnu++17";
				CLANG_CXX_LIBRARY = "libc++";
				CLANG_ENABLE_MODULES = YES;
				CLANG_ENABLE_OBJC_ARC = YES;
				CLANG_ENABLE_OBJC_WEAK = YES;
				CLANG_WARN_BLOCK_CAPTURE_AUTORELEASING = YES;
				CLANG_WARN_BOOL_CONVERSION = YES;
				CLANG_WARN_COMMA = YES;
				CLANG_WARN_CONSTANT_CONVERSION = YES;
				CLANG_WARN_DEPRECATED_OBJC_IMPLEMENTATIONS = YES;
				CLANG_WARN_DIRECT_OBJC_ISA_USAGE = YES_ERROR;
				CLANG_WARN_DOCUMENTATION_COMMENTS = YES;
				CLANG_WARN_EMPTY_BODY = YES;
				CLANG_WARN_ENUM_CONVERSION = YES;
				CLANG_WARN_INFINITE_RECURSION = YES;
				CLANG_WARN_INT_CONVERSION = YES;
				CLANG_WARN_NON_LITERAL_NULL_CONVERSION = YES;
				CLANG_WARN_OBJC_IMPLICIT_RETAIN_SELF = YES;
				CLANG_WARN_OBJC_LITERAL_CONVERSION = YES;
				CLANG_WARN_OBJC_ROOT_CLASS = YES_ERROR;
				CLANG_WARN_QUOTED_INCLUDE_IN_FRAMEWORK_HEADER = YES;
				CLANG_WARN_RANGE_LOOP_ANALYSIS = YES;
				CLANG_WARN_STRICT_PROTOTYPES = YES;
				CLANG_WARN_SUSPICIOUS_MOVE = YES;
				CLANG_WARN_UNGUARDED_AVAILABILITY = YES_AGGRESSIVE;
				CLANG_WARN_UNREACHABLE_CODE = YES;
				CLANG_WARN__DUPLICATE_METHOD_MATCH = YES;
				COPY_PHASE_STRIP = NO;
				DEBUG_INFORMATION_FORMAT = "dwarf-with-dsym";
				ENABLE_NS_ASSERTIONS = NO;
				ENABLE_STRICT_OBJC_MSGSEND = YES;
				GCC_C_LANGUAGE_STANDARD = gnu11;
				GCC_NO_COMMON_BLOCKS = YES;
				GCC_WARN_64_TO_32_BIT_CONVERSION = YES;
				GCC_WARN_ABOUT_RETURN_TYPE = YES_ERROR;
				GCC_WARN_UNDECLARED_SELECTOR = YES;
				GCC_WARN_UNINITIALIZED_AUTOS = YES_AGGRESSIVE;
				GCC_WARN_UNUSED_FUNCTION = YES;
				GCC_WARN_UNUSED_VARIABLE = YES;
				IPHONEOS_DEPLOYMENT_TARGET = 15.0;
				MTL_ENABLE_DEBUG_INFO = NO;
				MTL_FAST_MATH = YES;
				SDKROOT = iphoneos;
				SWIFT_COMPILATION_MODE = wholemodule;
				SWIFT_OPTIMIZATION_LEVEL = "-O";
				VALIDATE_PRODUCT = YES;
			};
			name = Release;
		};
		F728187B2739B0F500964496 /* Debug */ = {
			isa = XCBuildConfiguration;
			buildSettings = {
				ASSETCATALOG_COMPILER_APPICON_NAME = AppIcon;
				ASSETCATALOG_COMPILER_GLOBAL_ACCENT_COLOR_NAME = AccentColor;
				CODE_SIGN_STYLE = Automatic;
				CURRENT_PROJECT_VERSION = 1;
				DEVELOPMENT_ASSET_PATHS = "\"Trivia Crack/Preview Content\"";
				DEVELOPMENT_TEAM = 92Z6CXGJ35;
				ENABLE_PREVIEWS = YES;
				GENERATE_INFOPLIST_FILE = YES;
				INFOPLIST_KEY_UIApplicationSceneManifest_Generation = YES;
				INFOPLIST_KEY_UIApplicationSupportsIndirectInputEvents = YES;
				INFOPLIST_KEY_UILaunchScreen_Generation = YES;
				INFOPLIST_KEY_UISupportedInterfaceOrientations_iPad = "UIInterfaceOrientationPortrait UIInterfaceOrientationPortraitUpsideDown UIInterfaceOrientationLandscapeLeft UIInterfaceOrientationLandscapeRight";
				INFOPLIST_KEY_UISupportedInterfaceOrientations_iPhone = "UIInterfaceOrientationPortrait UIInterfaceOrientationLandscapeLeft UIInterfaceOrientationLandscapeRight";
				IPHONEOS_DEPLOYMENT_TARGET = 15.0;
				LD_RUNPATH_SEARCH_PATHS = (
					"$(inherited)",
					"@executable_path/Frameworks",
				);
				MARKETING_VERSION = 1.0;
				PRODUCT_BUNDLE_IDENTIFIER = "com.jamesdierkes.Trivia-Crack";
				PRODUCT_NAME = "$(TARGET_NAME)";
				SWIFT_EMIT_LOC_STRINGS = YES;
				SWIFT_VERSION = 5.0;
				TARGETED_DEVICE_FAMILY = "1,2";
			};
			name = Debug;
		};
		F728187C2739B0F500964496 /* Release */ = {
			isa = XCBuildConfiguration;
			buildSettings = {
				ASSETCATALOG_COMPILER_APPICON_NAME = AppIcon;
				ASSETCATALOG_COMPILER_GLOBAL_ACCENT_COLOR_NAME = AccentColor;
				CODE_SIGN_STYLE = Automatic;
				CURRENT_PROJECT_VERSION = 1;
				DEVELOPMENT_ASSET_PATHS = "\"Trivia Crack/Preview Content\"";
				DEVELOPMENT_TEAM = 92Z6CXGJ35;
				ENABLE_PREVIEWS = YES;
				GENERATE_INFOPLIST_FILE = YES;
				INFOPLIST_KEY_UIApplicationSceneManifest_Generation = YES;
				INFOPLIST_KEY_UIApplicationSupportsIndirectInputEvents = YES;
				INFOPLIST_KEY_UILaunchScreen_Generation = YES;
				INFOPLIST_KEY_UISupportedInterfaceOrientations_iPad = "UIInterfaceOrientationPortrait UIInterfaceOrientationPortraitUpsideDown UIInterfaceOrientationLandscapeLeft UIInterfaceOrientationLandscapeRight";
				INFOPLIST_KEY_UISupportedInterfaceOrientations_iPhone = "UIInterfaceOrientationPortrait UIInterfaceOrientationLandscapeLeft UIInterfaceOrientationLandscapeRight";
				IPHONEOS_DEPLOYMENT_TARGET = 15.0;
				LD_RUNPATH_SEARCH_PATHS = (
					"$(inherited)",
					"@executable_path/Frameworks",
				);
				MARKETING_VERSION = 1.0;
				PRODUCT_BUNDLE_IDENTIFIER = "com.jamesdierkes.Trivia-Crack";
				PRODUCT_NAME = "$(TARGET_NAME)";
				SWIFT_EMIT_LOC_STRINGS = YES;
				SWIFT_VERSION = 5.0;
				TARGETED_DEVICE_FAMILY = "1,2";
			};
			name = Release;
		};
		F728188A2739B2FA00964496 /* Debug */ = {
			isa = XCBuildConfiguration;
			buildSettings = {
				BUNDLE_LOADER = "$(TEST_HOST)";
				CODE_SIGN_STYLE = Automatic;
				CURRENT_PROJECT_VERSION = 1;
				DEVELOPMENT_TEAM = 92Z6CXGJ35;
				GENERATE_INFOPLIST_FILE = YES;
				LD_RUNPATH_SEARCH_PATHS = (
					"$(inherited)",
					"@executable_path/Frameworks",
					"@loader_path/Frameworks",
				);
				MARKETING_VERSION = 1.0;
				PRODUCT_BUNDLE_IDENTIFIER = "com.jamesdierkes.Trivia-Crack-Tests";
				PRODUCT_NAME = "$(TARGET_NAME)";
				SWIFT_EMIT_LOC_STRINGS = NO;
				SWIFT_VERSION = 5.0;
				TARGETED_DEVICE_FAMILY = "1,2";
				TEST_HOST = "$(BUILT_PRODUCTS_DIR)/Trivia Crack.app/Trivia Crack";
			};
			name = Debug;
		};
		F728188B2739B2FA00964496 /* Release */ = {
			isa = XCBuildConfiguration;
			buildSettings = {
				BUNDLE_LOADER = "$(TEST_HOST)";
				CODE_SIGN_STYLE = Automatic;
				CURRENT_PROJECT_VERSION = 1;
				DEVELOPMENT_TEAM = 92Z6CXGJ35;
				GENERATE_INFOPLIST_FILE = YES;
				LD_RUNPATH_SEARCH_PATHS = (
					"$(inherited)",
					"@executable_path/Frameworks",
					"@loader_path/Frameworks",
				);
				MARKETING_VERSION = 1.0;
				PRODUCT_BUNDLE_IDENTIFIER = "com.jamesdierkes.Trivia-Crack-Tests";
				PRODUCT_NAME = "$(TARGET_NAME)";
				SWIFT_EMIT_LOC_STRINGS = NO;
				SWIFT_VERSION = 5.0;
				TARGETED_DEVICE_FAMILY = "1,2";
				TEST_HOST = "$(BUILT_PRODUCTS_DIR)/Trivia Crack.app/Trivia Crack";
			};
			name = Release;
		};
/* End XCBuildConfiguration section */

/* Begin XCConfigurationList section */
		F72818672739B0F400964496 /* Build configuration list for PBXProject "Trivia Crack" */ = {
			isa = XCConfigurationList;
			buildConfigurations = (
				F72818782739B0F500964496 /* Debug */,
				F72818792739B0F500964496 /* Release */,
			);
			defaultConfigurationIsVisible = 0;
			defaultConfigurationName = Release;
		};
		F728187A2739B0F500964496 /* Build configuration list for PBXNativeTarget "Trivia Crack" */ = {
			isa = XCConfigurationList;
			buildConfigurations = (
				F728187B2739B0F500964496 /* Debug */,
				F728187C2739B0F500964496 /* Release */,
			);
			defaultConfigurationIsVisible = 0;
			defaultConfigurationName = Release;
		};
		F72818892739B2FA00964496 /* Build configuration list for PBXNativeTarget "Trivia Crack Tests" */ = {
			isa = XCConfigurationList;
			buildConfigurations = (
				F728188A2739B2FA00964496 /* Debug */,
				F728188B2739B2FA00964496 /* Release */,
			);
			defaultConfigurationIsVisible = 0;
			defaultConfigurationName = Release;
		};
/* End XCConfigurationList section */
	};
	rootObject = F72818642739B0F400964496 /* Project object */;
}
